// !$*UTF8*$!
{
	archiveVersion = 1;
	classes = {
	};
	objectVersion = 51;
	objects = {

/* Begin PBXBuildFile section */
		0AA5D3B6867E438D5ECBE8FB /* Pods_TutorialAnimation.framework in Frameworks */ = {isa = PBXBuildFile; fileRef = E33B8F35CDDFE71CFB0AD488 /* Pods_TutorialAnimation.framework */; };
		C7BE76832457115C000CD465 /* AppDelegate.swift in Sources */ = {isa = PBXBuildFile; fileRef = C7BE76822457115C000CD465 /* AppDelegate.swift */; };
		C7BE76852457115C000CD465 /* SceneDelegate.swift in Sources */ = {isa = PBXBuildFile; fileRef = C7BE76842457115C000CD465 /* SceneDelegate.swift */; };
		C7BE76872457115C000CD465 /* ViewController.swift in Sources */ = {isa = PBXBuildFile; fileRef = C7BE76862457115C000CD465 /* ViewController.swift */; };
		C7BE768A2457115C000CD465 /* Main.storyboard in Resources */ = {isa = PBXBuildFile; fileRef = C7BE76882457115C000CD465 /* Main.storyboard */; };
		C7BE768C2457115F000CD465 /* Assets.xcassets in Resources */ = {isa = PBXBuildFile; fileRef = C7BE768B2457115F000CD465 /* Assets.xcassets */; };
		C7BE768F2457115F000CD465 /* LaunchScreen.storyboard in Resources */ = {isa = PBXBuildFile; fileRef = C7BE768D2457115F000CD465 /* LaunchScreen.storyboard */; };
		C7BE769724571868000CD465 /* OnboardingView.swift in Sources */ = {isa = PBXBuildFile; fileRef = C7BE769624571868000CD465 /* OnboardingView.swift */; };
/* End PBXBuildFile section */

/* Begin PBXFileReference section */
		20501F926EF1070D865A5D0A /* Pods-TutorialAnimation.debug.xcconfig */ = {isa = PBXFileReference; includeInIndex = 1; lastKnownFileType = text.xcconfig; name = "Pods-TutorialAnimation.debug.xcconfig"; path = "Target Support Files/Pods-TutorialAnimation/Pods-TutorialAnimation.debug.xcconfig"; sourceTree = "<group>"; };
		3E0706CDE92D271C8B904F18 /* Pods-TutorialAnimation.release.xcconfig */ = {isa = PBXFileReference; includeInIndex = 1; lastKnownFileType = text.xcconfig; name = "Pods-TutorialAnimation.release.xcconfig"; path = "Target Support Files/Pods-TutorialAnimation/Pods-TutorialAnimation.release.xcconfig"; sourceTree = "<group>"; };
		C7BE767F2457115C000CD465 /* TutorialAnimation.app */ = {isa = PBXFileReference; explicitFileType = wrapper.application; includeInIndex = 0; path = TutorialAnimation.app; sourceTree = BUILT_PRODUCTS_DIR; };
		C7BE76822457115C000CD465 /* AppDelegate.swift */ = {isa = PBXFileReference; lastKnownFileType = sourcecode.swift; path = AppDelegate.swift; sourceTree = "<group>"; };
		C7BE76842457115C000CD465 /* SceneDelegate.swift */ = {isa = PBXFileReference; lastKnownFileType = sourcecode.swift; path = SceneDelegate.swift; sourceTree = "<group>"; };
		C7BE76862457115C000CD465 /* ViewController.swift */ = {isa = PBXFileReference; lastKnownFileType = sourcecode.swift; path = ViewController.swift; sourceTree = "<group>"; };
		C7BE76892457115C000CD465 /* Base */ = {isa = PBXFileReference; lastKnownFileType = file.storyboard; name = Base; path = Base.lproj/Main.storyboard; sourceTree = "<group>"; };
		C7BE768B2457115F000CD465 /* Assets.xcassets */ = {isa = PBXFileReference; lastKnownFileType = folder.assetcatalog; path = Assets.xcassets; sourceTree = "<group>"; };
		C7BE768E2457115F000CD465 /* Base */ = {isa = PBXFileReference; lastKnownFileType = file.storyboard; name = Base; path = Base.lproj/LaunchScreen.storyboard; sourceTree = "<group>"; };
		C7BE76902457115F000CD465 /* Info.plist */ = {isa = PBXFileReference; lastKnownFileType = text.plist.xml; path = Info.plist; sourceTree = "<group>"; };
		C7BE769624571868000CD465 /* OnboardingView.swift */ = {isa = PBXFileReference; lastKnownFileType = sourcecode.swift; path = OnboardingView.swift; sourceTree = "<group>"; };
		E33B8F35CDDFE71CFB0AD488 /* Pods_TutorialAnimation.framework */ = {isa = PBXFileReference; explicitFileType = wrapper.framework; includeInIndex = 0; path = Pods_TutorialAnimation.framework; sourceTree = BUILT_PRODUCTS_DIR; };
/* End PBXFileReference section */

/* Begin PBXFrameworksBuildPhase section */
		C7BE767C2457115C000CD465 /* Frameworks */ = {
			isa = PBXFrameworksBuildPhase;
			buildActionMask = 2147483647;
			files = (
				0AA5D3B6867E438D5ECBE8FB /* Pods_TutorialAnimation.framework in Frameworks */,
			);
			runOnlyForDeploymentPostprocessing = 0;
		};
/* End PBXFrameworksBuildPhase section */

/* Begin PBXGroup section */
		211DD4079FBA9635521F77DA /* Pods */ = {
			isa = PBXGroup;
			children = (
				20501F926EF1070D865A5D0A /* Pods-TutorialAnimation.debug.xcconfig */,
				3E0706CDE92D271C8B904F18 /* Pods-TutorialAnimation.release.xcconfig */,
			);
			path = Pods;
			sourceTree = "<group>";
		};
		9F6FD4837CF1DE5420145DDD /* Frameworks */ = {
			isa = PBXGroup;
			children = (
				E33B8F35CDDFE71CFB0AD488 /* Pods_TutorialAnimation.framework */,
			);
			name = Frameworks;
			sourceTree = "<group>";
		};
		C7BE76762457115C000CD465 = {
			isa = PBXGroup;
			children = (
				C7BE76812457115C000CD465 /* TutorialAnimation */,
				C7BE76802457115C000CD465 /* Products */,
				211DD4079FBA9635521F77DA /* Pods */,
				9F6FD4837CF1DE5420145DDD /* Frameworks */,
			);
			sourceTree = "<group>";
		};
		C7BE76802457115C000CD465 /* Products */ = {
			isa = PBXGroup;
			children = (
				C7BE767F2457115C000CD465 /* TutorialAnimation.app */,
			);
			name = Products;
			sourceTree = "<group>";
		};
		C7BE76812457115C000CD465 /* TutorialAnimation */ = {
			isa = PBXGroup;
			children = (
				C7BE76822457115C000CD465 /* AppDelegate.swift */,
				C7BE76842457115C000CD465 /* SceneDelegate.swift */,
				C7BE76862457115C000CD465 /* ViewController.swift */,
				C7BE769624571868000CD465 /* OnboardingView.swift */,
				C7BE76882457115C000CD465 /* Main.storyboard */,
				C7BE768B2457115F000CD465 /* Assets.xcassets */,
				C7BE768D2457115F000CD465 /* LaunchScreen.storyboard */,
				C7BE76902457115F000CD465 /* Info.plist */,
			);
			path = TutorialAnimation;
			sourceTree = "<group>";
		};
/* End PBXGroup section */

/* Begin PBXNativeTarget section */
		C7BE767E2457115C000CD465 /* TutorialAnimation */ = {
			isa = PBXNativeTarget;
			buildConfigurationList = C7BE76932457115F000CD465 /* Build configuration list for PBXNativeTarget "TutorialAnimation" */;
			buildPhases = (
				813F24C900D9E1DE14D13CC2 /* [CP] Check Pods Manifest.lock */,
				C7BE767B2457115C000CD465 /* Sources */,
				C7BE767C2457115C000CD465 /* Frameworks */,
				C7BE767D2457115C000CD465 /* Resources */,
				1A45A30347C06E5F9200F0B3 /* [CP] Embed Pods Frameworks */,
			);
			buildRules = (
			);
			dependencies = (
			);
			name = TutorialAnimation;
			productName = TutorialAnimation;
			productReference = C7BE767F2457115C000CD465 /* TutorialAnimation.app */;
			productType = "com.apple.product-type.application";
		};
/* End PBXNativeTarget section */

/* Begin PBXProject section */
		C7BE76772457115C000CD465 /* Project object */ = {
			isa = PBXProject;
			attributes = {
				LastSwiftUpdateCheck = 1140;
				LastUpgradeCheck = 1140;
				ORGANIZATIONNAME = "五十嵐伸雄";
				TargetAttributes = {
					C7BE767E2457115C000CD465 = {
						CreatedOnToolsVersion = 11.4.1;
					};
				};
			};
			buildConfigurationList = C7BE767A2457115C000CD465 /* Build configuration list for PBXProject "TutorialAnimation" */;
			compatibilityVersion = "Xcode 9.3";
			developmentRegion = en;
			hasScannedForEncodings = 0;
			knownRegions = (
				en,
				Base,
			);
			mainGroup = C7BE76762457115C000CD465;
			productRefGroup = C7BE76802457115C000CD465 /* Products */;
			projectDirPath = "";
			projectRoot = "";
			targets = (
				C7BE767E2457115C000CD465 /* TutorialAnimation */,
			);
		};
/* End PBXProject section */

/* Begin PBXResourcesBuildPhase section */
		C7BE767D2457115C000CD465 /* Resources */ = {
			isa = PBXResourcesBuildPhase;
			buildActionMask = 2147483647;
			files = (
				C7BE768F2457115F000CD465 /* LaunchScreen.storyboard in Resources */,
				C7BE768C2457115F000CD465 /* Assets.xcassets in Resources */,
				C7BE768A2457115C000CD465 /* Main.storyboard in Resources */,
			);
			runOnlyForDeploymentPostprocessing = 0;
		};
/* End PBXResourcesBuildPhase section */

/* Begin PBXShellScriptBuildPhase section */
		1A45A30347C06E5F9200F0B3 /* [CP] Embed Pods Frameworks */ = {
			isa = PBXShellScriptBuildPhase;
			buildActionMask = 2147483647;
			files = (
			);
			inputFileListPaths = (
				"${PODS_ROOT}/Target Support Files/Pods-TutorialAnimation/Pods-TutorialAnimation-frameworks-${CONFIGURATION}-input-files.xcfilelist",
			);
			name = "[CP] Embed Pods Frameworks";
			outputFileListPaths = (
				"${PODS_ROOT}/Target Support Files/Pods-TutorialAnimation/Pods-TutorialAnimation-frameworks-${CONFIGURATION}-output-files.xcfilelist",
			);
			runOnlyForDeploymentPostprocessing = 0;
			shellPath = /bin/sh;
			shellScript = "\"${PODS_ROOT}/Target Support Files/Pods-TutorialAnimation/Pods-TutorialAnimation-frameworks.sh\"\n";
			showEnvVarsInLog = 0;
		};
		813F24C900D9E1DE14D13CC2 /* [CP] Check Pods Manifest.lock */ = {
			isa = PBXShellScriptBuildPhase;
			buildActionMask = 2147483647;
			files = (
			);
			inputFileListPaths = (
			);
			inputPaths = (
				"${PODS_PODFILE_DIR_PATH}/Podfile.lock",
				"${PODS_ROOT}/Manifest.lock",
			);
			name = "[CP] Check Pods Manifest.lock";
			outputFileListPaths = (
			);
			outputPaths = (
				"$(DERIVED_FILE_DIR)/Pods-TutorialAnimation-checkManifestLockResult.txt",
			);
			runOnlyForDeploymentPostprocessing = 0;
			shellPath = /bin/sh;
			shellScript = "diff \"${PODS_PODFILE_DIR_PATH}/Podfile.lock\" \"${PODS_ROOT}/Manifest.lock\" > /dev/null\nif [ $? != 0 ] ; then\n    # print error to STDERR\n    echo \"error: The sandbox is not in sync with the Podfile.lock. Run 'pod install' or update your CocoaPods installation.\" >&2\n    exit 1\nfi\n# This output is used by Xcode 'outputs' to avoid re-running this script phase.\necho \"SUCCESS\" > \"${SCRIPT_OUTPUT_FILE_0}\"\n";
			showEnvVarsInLog = 0;
		};
/* End PBXShellScriptBuildPhase section */

/* Begin PBXSourcesBuildPhase section */
		C7BE767B2457115C000CD465 /* Sources */ = {
			isa = PBXSourcesBuildPhase;
			buildActionMask = 2147483647;
			files = (
				C7BE76872457115C000CD465 /* ViewController.swift in Sources */,
				C7BE769724571868000CD465 /* OnboardingView.swift in Sources */,
				C7BE76832457115C000CD465 /* AppDelegate.swift in Sources */,
				C7BE76852457115C000CD465 /* SceneDelegate.swift in Sources */,
			);
			runOnlyForDeploymentPostprocessing = 0;
		};
/* End PBXSourcesBuildPhase section */

/* Begin PBXVariantGroup section */
		C7BE76882457115C000CD465 /* Main.storyboard */ = {
			isa = PBXVariantGroup;
			children = (
				C7BE76892457115C000CD465 /* Base */,
			);
			name = Main.storyboard;
			sourceTree = "<group>";
		};
		C7BE768D2457115F000CD465 /* LaunchScreen.storyboard */ = {
			isa = PBXVariantGroup;
			children = (
				C7BE768E2457115F000CD465 /* Base */,
			);
			name = LaunchScreen.storyboard;
			sourceTree = "<group>";
		};
/* End PBXVariantGroup section */

/* Begin XCBuildConfiguration section */
		C7BE76912457115F000CD465 /* Debug */ = {
			isa = XCBuildConfiguration;
			buildSettings = {
				ALWAYS_SEARCH_USER_PATHS = NO;
				CLANG_ANALYZER_NONNULL = YES;
				CLANG_ANALYZER_NUMBER_OBJECT_CONVERSION = YES_AGGRESSIVE;
				CLANG_CXX_LANGUAGE_STANDARD = "gnu++14";
				CLANG_CXX_LIBRARY = "libc++";
				CLANG_ENABLE_MODULES = YES;
				CLANG_ENABLE_OBJC_ARC = YES;
				CLANG_ENABLE_OBJC_WEAK = YES;
				CLANG_WARN_BLOCK_CAPTURE_AUTORELEASING = YES;
				CLANG_WARN_BOOL_CONVERSION = YES;
				CLANG_WARN_COMMA = YES;
				CLANG_WARN_CONSTANT_CONVERSION = YES;
				CLANG_WARN_DEPRECATED_OBJC_IMPLEMENTATIONS = YES;
				CLANG_WARN_DIRECT_OBJC_ISA_USAGE = YES_ERROR;
				CLANG_WARN_DOCUMENTATION_COMMENTS = YES;
				CLANG_WARN_EMPTY_BODY = YES;
				CLANG_WARN_ENUM_CONVERSION = YES;
				CLANG_WARN_INFINITE_RECURSION = YES;
				CLANG_WARN_INT_CONVERSION = YES;
				CLANG_WARN_NON_LITERAL_NULL_CONVERSION = YES;
				CLANG_WARN_OBJC_IMPLICIT_RETAIN_SELF = YES;
				CLANG_WARN_OBJC_LITERAL_CONVERSION = YES;
				CLANG_WARN_OBJC_ROOT_CLASS = YES_ERROR;
				CLANG_WARN_RANGE_LOOP_ANALYSIS = YES;
				CLANG_WARN_STRICT_PROTOTYPES = YES;
				CLANG_WARN_SUSPICIOUS_MOVE = YES;
				CLANG_WARN_UNGUARDED_AVAILABILITY = YES_AGGRESSIVE;
				CLANG_WARN_UNREACHABLE_CODE = YES;
				CLANG_WARN__DUPLICATE_METHOD_MATCH = YES;
				COPY_PHASE_STRIP = NO;
				DEBUG_INFORMATION_FORMAT = dwarf;
				ENABLE_STRICT_OBJC_MSGSEND = YES;
				ENABLE_TESTABILITY = YES;
				GCC_C_LANGUAGE_STANDARD = gnu11;
				GCC_DYNAMIC_NO_PIC = NO;
				GCC_NO_COMMON_BLOCKS = YES;
				GCC_OPTIMIZATION_LEVEL = 0;
				GCC_PREPROCESSOR_DEFINITIONS = (
					"DEBUG=1",
					"$(inherited)",
				);
				GCC_WARN_64_TO_32_BIT_CONVERSION = YES;
				GCC_WARN_ABOUT_RETURN_TYPE = YES_ERROR;
				GCC_WARN_UNDECLARED_SELECTOR = YES;
				GCC_WARN_UNINITIALIZED_AUTOS = YES_AGGRESSIVE;
				GCC_WARN_UNUSED_FUNCTION = YES;
				GCC_WARN_UNUSED_VARIABLE = YES;
				IPHONEOS_DEPLOYMENT_TARGET = 13.4;
				MTL_ENABLE_DEBUG_INFO = INCLUDE_SOURCE;
				MTL_FAST_MATH = YES;
				ONLY_ACTIVE_ARCH = YES;
				SDKROOT = iphoneos;
				SWIFT_ACTIVE_COMPILATION_CONDITIONS = DEBUG;
				SWIFT_OPTIMIZATION_LEVEL = "-Onone";
			};
			name = Debug;
		};
		C7BE76922457115F000CD465 /* Release */ = {
			isa = XCBuildConfiguration;
			buildSettings = {
				ALWAYS_SEARCH_USER_PATHS = NO;
				CLANG_ANALYZER_NONNULL = YES;
				CLANG_ANALYZER_NUMBER_OBJECT_CONVERSION = YES_AGGRESSIVE;
				CLANG_CXX_LANGUAGE_STANDARD = "gnu++14";
				CLANG_CXX_LIBRARY = "libc++";
				CLANG_ENABLE_MODULES = YES;
				CLANG_ENABLE_OBJC_ARC = YES;
				CLANG_ENABLE_OBJC_WEAK = YES;
				CLANG_WARN_BLOCK_CAPTURE_AUTORELEASING = YES;
				CLANG_WARN_BOOL_CONVERSION = YES;
				CLANG_WARN_COMMA = YES;
				CLANG_WARN_CONSTANT_CONVERSION = YES;
				CLANG_WARN_DEPRECATED_OBJC_IMPLEMENTATIONS = YES;
				CLANG_WARN_DIRECT_OBJC_ISA_USAGE = YES_ERROR;
				CLANG_WARN_DOCUMENTATION_COMMENTS = YES;
				CLANG_WARN_EMPTY_BODY = YES;
				CLANG_WARN_ENUM_CONVERSION = YES;
				CLANG_WARN_INFINITE_RECURSION = YES;
				CLANG_WARN_INT_CONVERSION = YES;
				CLANG_WARN_NON_LITERAL_NULL_CONVERSION = YES;
				CLANG_WARN_OBJC_IMPLICIT_RETAIN_SELF = YES;
				CLANG_WARN_OBJC_LITERAL_CONVERSION = YES;
				CLANG_WARN_OBJC_ROOT_CLASS = YES_ERROR;
				CLANG_WARN_RANGE_LOOP_ANALYSIS = YES;
				CLANG_WARN_STRICT_PROTOTYPES = YES;
				CLANG_WARN_SUSPICIOUS_MOVE = YES;
				CLANG_WARN_UNGUARDED_AVAILABILITY = YES_AGGRESSIVE;
				CLANG_WARN_UNREACHABLE_CODE = YES;
				CLANG_WARN__DUPLICATE_METHOD_MATCH = YES;
				COPY_PHASE_STRIP = NO;
				DEBUG_INFORMATION_FORMAT = "dwarf-with-dsym";
				ENABLE_NS_ASSERTIONS = NO;
				ENABLE_STRICT_OBJC_MSGSEND = YES;
				GCC_C_LANGUAGE_STANDARD = gnu11;
				GCC_NO_COMMON_BLOCKS = YES;
				GCC_WARN_64_TO_32_BIT_CONVERSION = YES;
				GCC_WARN_ABOUT_RETURN_TYPE = YES_ERROR;
				GCC_WARN_UNDECLARED_SELECTOR = YES;
				GCC_WARN_UNINITIALIZED_AUTOS = YES_AGGRESSIVE;
				GCC_WARN_UNUSED_FUNCTION = YES;
				GCC_WARN_UNUSED_VARIABLE = YES;
				IPHONEOS_DEPLOYMENT_TARGET = 13.4;
				MTL_ENABLE_DEBUG_INFO = NO;
				MTL_FAST_MATH = YES;
				SDKROOT = iphoneos;
				SWIFT_COMPILATION_MODE = wholemodule;
				SWIFT_OPTIMIZATION_LEVEL = "-O";
				VALIDATE_PRODUCT = YES;
			};
			name = Release;
		};
		C7BE76942457115F000CD465 /* Debug */ = {
			isa = XCBuildConfiguration;
			baseConfigurationReference = 20501F926EF1070D865A5D0A /* Pods-TutorialAnimation.debug.xcconfig */;
			buildSettings = {
				ASSETCATALOG_COMPILER_APPICON_NAME = AppIcon;
				CODE_SIGN_STYLE = Automatic;
				INFOPLIST_FILE = TutorialAnimation/Info.plist;
				LD_RUNPATH_SEARCH_PATHS = (
					"$(inherited)",
					"@executable_path/Frameworks",
				);
				PRODUCT_BUNDLE_IDENTIFIER = igarashi.TutorialAnimation;
				PRODUCT_NAME = "$(TARGET_NAME)";
				SWIFT_VERSION = 5.0;
				TARGETED_DEVICE_FAMILY = "1,2";
			};
			name = Debug;
		};
		C7BE76952457115F000CD465 /* Release */ = {
			isa = XCBuildConfiguration;
			baseConfigurationReference = 3E0706CDE92D271C8B904F18 /* Pods-TutorialAnimation.release.xcconfig */;
			buildSettings = {
				ASSETCATALOG_COMPILER_APPICON_NAME = AppIcon;
				CODE_SIGN_STYLE = Automatic;
				INFOPLIST_FILE = TutorialAnimation/Info.plist;
				LD_RUNPATH_SEARCH_PATHS = (
					"$(inherited)",
					"@executable_path/Frameworks",
				);
				PRODUCT_BUNDLE_IDENTIFIER = igarashi.TutorialAnimation;
				PRODUCT_NAME = "$(TARGET_NAME)";
				SWIFT_VERSION = 5.0;
				TARGETED_DEVICE_FAMILY = "1,2";
			};
			name = Release;
		};
/* End XCBuildConfiguration section */

/* Begin XCConfigurationList section */
		C7BE767A2457115C000CD465 /* Build configuration list for PBXProject "TutorialAnimation" */ = {
			isa = XCConfigurationList;
			buildConfigurations = (
				C7BE76912457115F000CD465 /* Debug */,
				C7BE76922457115F000CD465 /* Release */,
			);
			defaultConfigurationIsVisible = 0;
			defaultConfigurationName = Release;
		};
		C7BE76932457115F000CD465 /* Build configuration list for PBXNativeTarget "TutorialAnimation" */ = {
			isa = XCConfigurationList;
			buildConfigurations = (
				C7BE76942457115F000CD465 /* Debug */,
				C7BE76952457115F000CD465 /* Release */,
			);
			defaultConfigurationIsVisible = 0;
			defaultConfigurationName = Release;
		};
/* End XCConfigurationList section */
	};
	rootObject = C7BE76772457115C000CD465 /* Project object */;
}
